
Microsoft Visual Studio Solution File, Format Version 12.00
# Visual Studio Version 16
VisualStudioVersion = 16.0.31829.152
MinimumVisualStudioVersion = 10.0.40219.1
Project("{FAE04EC0-301F-11D3-BF4B-00C04F79EFBC}") = "Shapes_Conversion", "Shapes_Conversion\Shapes_Conversion.csproj", "{99CDD70D-2AD0-4C49-B2D8-032FA5EA63A4}"
EndProject
Global
	GlobalSection(SolutionConfigurationPlatforms) = preSolution
		Debug|Any CPU = Debug|Any CPU
		Release|Any CPU = Release|Any CPU
	EndGlobalSection
	GlobalSection(ProjectConfigurationPlatforms) = postSolution
		{99CDD70D-2AD0-4C49-B2D8-032FA5EA63A4}.Debug|Any CPU.ActiveCfg = Debug|Any CPU
		{99CDD70D-2AD0-4C49-B2D8-032FA5EA63A4}.Debug|Any CPU.Build.0 = Debug|Any CPU
		{99CDD70D-2AD0-4C49-B2D8-032FA5EA63A4}.Release|Any CPU.ActiveCfg = Release|Any CPU
		{99CDD70D-2AD0-4C49-B2D8-032FA5EA63A4}.Release|Any CPU.Build.0 = Release|Any CPU
	EndGlobalSection
	GlobalSection(SolutionProperties) = preSolution
		HideSolutionNode = FALSE
	EndGlobalSection
	GlobalSection(ExtensibilityGlobals) = postSolution
		SolutionGuid = {CA675CF1-3829-4DAC-8282-69A434FF01D6}
	EndGlobalSection
EndGlobal
